{
  "name": "blog",
  "version": "1.0.0",
  "lockfileVersion": 1,
  "requires": true,
  "dependencies": {
    "highlight.js": {
      "version": "9.12.0",
      "resolved": "https://registry.npm.taobao.org/highlight.js/download/highlight.js-9.12.0.tgz",
      "integrity": "sha1-5tnb5Xy+/mB1HwKvM2GVhwyQwB4="
    },
    "markdown-it": {
      "version": "8.3.1",
      "resolved": "https://registry.npm.taobao.org/markdown-it/download/markdown-it-8.3.1.tgz",
      "integrity": "sha1-L0tiKUjM3Bk9ZvPKLUMSWsSscyM=",
      "requires": {
        "argparse": "^1.0.7",
        "entities": "~1.1.1",
        "linkify-it": "^2.0.0",
        "mdurl": "^1.0.1",
        "uc.micro": "^1.0.3"
      },
      "dependencies": {
        "argparse": {
          "version": "1.0.9",
          "resolved": "https://registry.npm.taobao.org/argparse/download/argparse-1.0.9.tgz",
          "integrity": "sha1-c9g7wmP4bpf4zE9rrhsOkKfSLIY=",
          "requires": {
            "sprintf-js": "~1.0.2"
          },
          "dependencies": {
            "sprintf-js": {
              "version": "1.0.3",
              "resolved": "https://registry.npm.taobao.org/sprintf-js/download/sprintf-js-1.0.3.tgz",
              "integrity": "sha1-BOaSb2YolTVPPdAVIDYzuFcpfiw="
            }
          }
        },
        "entities": {
          "version": "1.1.1",
          "resolved": "https://registry.npm.taobao.org/entities/download/entities-1.1.1.tgz",
          "integrity": "sha1-blwtClYhtdra7O+AuQ7ftc13cvA="
        },
        "linkify-it": {
          "version": "2.0.3",
          "resolved": "https://registry.npm.taobao.org/linkify-it/download/linkify-it-2.0.3.tgz",
          "integrity": "sha1-2UpGSPmxwXnWT6lykSaL22zpQ08=",
          "requires": {
            "uc.micro": "^1.0.1"
          }
        },
        "mdurl": {
          "version": "1.0.1",
          "resolved": "https://registry.npm.taobao.org/mdurl/download/mdurl-1.0.1.tgz",
          "integrity": "sha1-/oWy7HWlkDfyrf7BAP1sYBdhFS4="
        },
        "uc.micro": {
          "version": "1.0.3",
          "resolved": "https://registry.npm.taobao.org/uc.micro/download/uc.micro-1.0.3.tgz",
          "integrity": "sha1-ftUNXg+an7ClczeSWfKndFjVAZI="
        }
      }
    },
    "markdown-it-highlightjs": {
      "version": "3.0.0",
      "resolved": "https://registry.npm.taobao.org/markdown-it-highlightjs/download/markdown-it-highlightjs-3.0.0.tgz",
      "integrity": "sha1-7T3WGcormOa/IRLRY79EQEM0AhA=",
      "requires": {
        "highlight.js": "^9.9.0",
        "lodash.flow": "^3.1.0"
      },
      "dependencies": {
        "highlight.js": {
          "version": "9.12.0",
          "resolved": "https://registry.npm.taobao.org/highlight.js/download/highlight.js-9.12.0.tgz",
          "integrity": "sha1-5tnb5Xy+/mB1HwKvM2GVhwyQwB4="
        },
        "lodash.flow": {
          "version": "3.5.0",
          "resolved": "https://registry.npm.taobao.org/lodash.flow/download/lodash.flow-3.5.0.tgz",
          "integrity": "sha1-h79AKSuM+D5OjOGjrkIJ4gBxZ1o="
        }
      }
    },
    "markdown-it-mathjax": {
      "version": "2.0.0",
      "resolved": false,
      "integrity": "sha1-ritPTFxxmgP55HXGZPeyaFIx2ek="
    },
    "mime-db": {
      "version": "1.40.0",
      "resolved": "https://registry.npmjs.org/mime-db/-/mime-db-1.40.0.tgz",
      "integrity": "sha512-jYdeOMPy9vnxEqFRRo6ZvTZ8d9oPb+k18PKoYNYUe2stVEBPPwsln/qWzdbmaIvnhZ9v2P+CuecK+fpUfsV2mA=="
    },
    "mime-types": {
      "version": "2.1.24",
      "resolved": "https://registry.npmjs.org/mime-types/-/mime-types-2.1.24.tgz",
      "integrity": "sha512-WaFHS3MCl5fapm3oLxU4eYDw77IQM2ACcxQ9RIxfaC3ooc6PFuBMGZZsYpvoXS5D5QTWPieo1jjLdAm3TBP3cQ==",
      "requires": {
        "mime-db": "1.40.0"
      }
    }
  }
}
