lockfileVersion: '6.0'

settings:
  autoInstallPeers: true
  excludeLinksFromLockfile: false

dependencies:
  markdown-it:
    specifier: ^12.3.2
    version: 12.3.2
  markdown-it-highlightjs:
    specifier: ^3.0.0
    version: 3.6.0
  markdown-it-mathjax:
    specifier: ^2.0.0
    version: 2.0.0
  mime-types:
    specifier: ^2.1.22
    version: 2.1.35

packages:

  /argparse@2.0.1:
    resolution: {integrity: sha512-8+9WqebbFzpX9OR+Wa6O29asIogeRMzcGtAINdpMHHyAg10f05aSFVBbcEqGf/PXw1EjAZ+q2/bEBg3DvurK3Q==}
    dev: false

  /entities@2.1.0:
    resolution: {integrity: sha512-hCx1oky9PFrJ611mf0ifBLBRW8lUUVRlFolb5gWRfIELabBlbp9xZvrqZLZAs+NxFnbfQoeGd8wDkygjg7U85w==}
    dev: false

  /highlight.js@11.7.0:
    resolution: {integrity: sha512-1rRqesRFhMO/PRF+G86evnyJkCgaZFOI+Z6kdj15TA18funfoqJXvgPCLSf0SWq3SRfg1j3HlDs8o4s3EGq1oQ==}
    engines: {node: '>=12.0.0'}
    dev: false

  /linkify-it@3.0.3:
    resolution: {integrity: sha512-ynTsyrFSdE5oZ/O9GEf00kPngmOfVwazR5GKDq6EYfhlpFug3J2zybX56a2PRRpc9P+FuSoGNAwjlbDs9jJBPQ==}
    dependencies:
      uc.micro: 1.0.6
    dev: false

  /lodash.flow@3.5.0:
    resolution: {integrity: sha512-ff3BX/tSioo+XojX4MOsOMhJw0nZoUEF011LX8g8d3gvjVbxd89cCio4BCXronjxcTUIJUoqKEUA+n4CqvvRPw==}
    dev: false

  /markdown-it-highlightjs@3.6.0:
    resolution: {integrity: sha512-ex+Lq3cVkprh0GpGwFyc53A/rqY6GGzopPCG1xMsf8Ya3XtGC8Uw9tChN1rWbpyDae7tBBhVHVcMM29h4Btamw==}
    dependencies:
      highlight.js: 11.7.0
      lodash.flow: 3.5.0
    dev: false

  /markdown-it-mathjax@2.0.0:
    resolution: {integrity: sha512-Fafv7TnMENccWYTNjMZzV4BzONPxpK9Mknr1iMEK6m7PI5a5UTCOFctPzx7Nhv81fFzYEY8WHDkSu9n43fTV9g==}
    dev: false

  /markdown-it@12.3.2:
    resolution: {integrity: sha512-TchMembfxfNVpHkbtriWltGWc+m3xszaRD0CZup7GFFhzIgQqxIfn3eGj1yZpfuflzPvfkt611B2Q/Bsk1YnGg==}
    hasBin: true
    dependencies:
      argparse: 2.0.1
      entities: 2.1.0
      linkify-it: 3.0.3
      mdurl: 1.0.1
      uc.micro: 1.0.6
    dev: false

  /mdurl@1.0.1:
    resolution: {integrity: sha512-/sKlQJCBYVY9Ers9hqzKou4H6V5UWc/M59TH2dvkt+84itfnq7uFOMLpOiOS4ujvHP4etln18fmIxA5R5fll0g==}
    dev: false

  /mime-db@1.52.0:
    resolution: {integrity: sha512-sPU4uV7dYlvtWJxwwxHD0PuihVNiE7TyAbQ5SWxDCB9mUYvOgroQOwYQQOKPJ8CIbE+1ETVlOoK1UC2nU3gYvg==}
    engines: {node: '>= 0.6'}
    dev: false

  /mime-types@2.1.35:
    resolution: {integrity: sha512-ZDY+bPm5zTTF+YpCrAU9nK0UgICYPT0QtT1NZWFv4s++TNkcgVaT0g6+4R2uI4MjQjzysHB1zxuWL50hzaeXiw==}
    engines: {node: '>= 0.6'}
    dependencies:
      mime-db: 1.52.0
    dev: false

  /uc.micro@1.0.6:
    resolution: {integrity: sha512-8Y75pvTYkLJW2hWQHXxoqRgV7qb9B+9vFEtidML+7koHUFapnVJAZ6cKs+Qjz5Aw3aZWHMC6u0wJE3At+nSGwA==}
    dev: false
